{
  "lockfile_version": "1",
  "packages": {
    "direnv@latest": {
      "last_modified": "2024-01-27T14:55:31Z",
      "resolved": "github:NixOS/nixpkgs/160b762eda6d139ac10ae081f8f78d640dd523eb#direnv",
      "source": "devbox-search",
      "version": "2.33.0",
      "systems": {
        "aarch64-darwin": {
          "store_path": "/nix/store/mfcsz78i30dd3bvk4ihlx7qy6zyw5c74-direnv-2.33.0"
        },
        "aarch64-linux": {
          "store_path": "/nix/store/xh6qvjnjqnbhq6kygjvvmvlqkf3b2amk-direnv-2.33.0"
        },
        "x86_64-darwin": {
          "store_path": "/nix/store/xpdvyrv0qqlbrbm5wy6amlrqw88ldmrp-direnv-2.33.0"
        },
        "x86_64-linux": {
          "store_path": "/nix/store/slsc4xjf7m4hhxa8dymhc4pp39gcb6cq-direnv-2.33.0"
        }
      }
    },
    "git@latest": {
      "last_modified": "2024-01-14T23:11:22Z",
      "resolved": "github:NixOS/nixpkgs/5614bd58587f1337aca11d7b2bdfcca4ca44fccc#git",
      "source": "devbox-search",
      "version": "2.43.0",
      "systems": {
        "aarch64-darwin": {
          "store_path": "/nix/store/kf597rw8mjdzvzjpzjvflp88dxj19qhm-git-2.43.0"
        },
        "aarch64-linux": {
          "store_path": "/nix/store/dh45pp85n0mpsr8sh277yp2a1sd3dvzk-git-2.43.0"
        },
        "x86_64-darwin": {
          "store_path": "/nix/store/3gkm7jyy92a7yr87nhfqh45sy2syrb46-git-2.43.0"
        },
        "x86_64-linux": {
          "store_path": "/nix/store/xw3hyxc3i4zg195yk8l6zxjvhq6vx44d-git-2.43.0"
        }
      }
    },
    "home-manager@latest": {
      "last_modified": "2024-01-31T06:48:05Z",
      "resolved": "github:NixOS/nixpkgs/5ad9903c16126a7d949101687af0aa589b1d7d3d#home-manager",
      "source": "devbox-search",
      "version": "2024-01-28",
      "systems": {
        "aarch64-darwin": {
          "store_path": "/nix/store/pza2dmzw1mh166k1clk7v87ym8k2nczs-home-manager-unstable-2024-01-28"
        },
        "aarch64-linux": {
          "store_path": "/nix/store/gz121bnkmclfblrv7qlzy6rn2sq3cllr-home-manager-unstable-2024-01-28"
        },
        "x86_64-darwin": {
          "store_path": "/nix/store/581yiaq6zq3mk4kgsz5dx2v5r482lkh9-home-manager-unstable-2024-01-28"
        },
        "x86_64-linux": {
          "store_path": "/nix/store/mn6vwyxxbv883p31dh52lx4qq9n4k885-home-manager-unstable-2024-01-28"
        }
      }
    },
    "nix@latest": {
      "last_modified": "2024-01-31T06:48:05Z",
      "resolved": "github:NixOS/nixpkgs/5ad9903c16126a7d949101687af0aa589b1d7d3d#nix",
      "source": "devbox-search",
      "version": "2.18.1",
      "systems": {
        "aarch64-darwin": {
          "store_path": "/nix/store/ffkg7rz4zxfsdix6xxmhk2v3nx76r141-nix-2.18.1"
        },
        "aarch64-linux": {
          "store_path": "/nix/store/cs794lwajgqjzds3yrg7ia30ibbjswb1-nix-2.18.1"
        },
        "x86_64-darwin": {
          "store_path": "/nix/store/3aa6njhsq9fa7vg11dncc7srr4i2b2an-nix-2.18.1"
        },
        "x86_64-linux": {
          "store_path": "/nix/store/dsqs4fpljrws4ikzfriyixcp0n7kxrmk-nix-2.18.1"
        }
      }
    },
    "pre-commit@latest": {
      "last_modified": "2024-01-28T16:40:23Z",
      "resolved": "github:NixOS/nixpkgs/902d74314fae5eb824bc7b597bd4d39640345557#pre-commit",
      "source": "devbox-search",
      "version": "3.6.0",
      "systems": {
        "aarch64-darwin": {
          "store_path": "/nix/store/a20aq6qhs0zz7dj9131diyn8sc5bb9qd-pre-commit-3.6.0"
        },
        "aarch64-linux": {
          "store_path": "/nix/store/rvhjwfaky3vkclxk31ns0lhcynnjikyh-pre-commit-3.6.0"
        },
        "x86_64-darwin": {
          "store_path": "/nix/store/05hqvj5z9jscc9lx2l8ma0yf258a6kls-pre-commit-3.6.0"
        },
        "x86_64-linux": {
          "store_path": "/nix/store/wzybq4394zfr3m5p0khs02i66x33cc8i-pre-commit-3.6.0"
        }
      }
    },
    "rnix-lsp@latest": {
      "last_modified": "2024-01-28T16:40:23Z",
      "resolved": "github:NixOS/nixpkgs/902d74314fae5eb824bc7b597bd4d39640345557#rnix-lsp",
      "source": "devbox-search",
      "version": "2022-11-27",
      "systems": {
        "aarch64-darwin": {
          "store_path": "/nix/store/x4f5kkdnxzj7byqqs9fc9lhb9s18cw7x-rnix-lsp-unstable-2022-11-27"
        },
        "aarch64-linux": {
          "store_path": "/nix/store/57hi6ayyhgnpw466w7asjpk8mh4r6w6p-rnix-lsp-unstable-2022-11-27"
        },
        "x86_64-darwin": {
          "store_path": "/nix/store/xhvpzs1z1pqrd2rdib4iji0ayarx3mmr-rnix-lsp-unstable-2022-11-27"
        },
        "x86_64-linux": {
          "store_path": "/nix/store/gkk29n9d389c6hzqyq7ysj085swcxmq2-rnix-lsp-unstable-2022-11-27"
        }
      }
    }
  }
}
